
Microsoft Visual Studio Solution File, Format Version 12.00
# Visual Studio 15
VisualStudioVersion = 15.0.26730.16
MinimumVisualStudioVersion = 10.0.40219.1
Project("{FAE04EC0-301F-11D3-BF4B-00C04F79EFBC}") = "Mr_Anaga", "Mr_Anaga\Mr_Anaga.csproj", "{DFB6DE09-8DC4-45E8-9021-BB891D765E46}"
EndProject
Project("{FAE04EC0-301F-11D3-BF4B-00C04F79EFBC}") = "UnitTestAnaga", "UnitTestProject1\UnitTestAnaga.csproj", "{03C49098-486B-49DE-817C-DE1841715040}"
EndProject
Global
	GlobalSection(SolutionConfigurationPlatforms) = preSolution
		Debug|Any CPU = Debug|Any CPU
		Release|Any CPU = Release|Any CPU
	EndGlobalSection
	GlobalSection(ProjectConfigurationPlatforms) = postSolution
		{DFB6DE09-8DC4-45E8-9021-BB891D765E46}.Debug|Any CPU.ActiveCfg = Debug|Any CPU
		{DFB6DE09-8DC4-45E8-9021-BB891D765E46}.Debug|Any CPU.Build.0 = Debug|Any CPU
		{DFB6DE09-8DC4-45E8-9021-BB891D765E46}.Release|Any CPU.ActiveCfg = Release|Any CPU
		{DFB6DE09-8DC4-45E8-9021-BB891D765E46}.Release|Any CPU.Build.0 = Release|Any CPU
		{03C49098-486B-49DE-817C-DE1841715040}.Debug|Any CPU.ActiveCfg = Debug|Any CPU
		{03C49098-486B-49DE-817C-DE1841715040}.Debug|Any CPU.Build.0 = Debug|Any CPU
		{03C49098-486B-49DE-817C-DE1841715040}.Release|Any CPU.ActiveCfg = Release|Any CPU
		{03C49098-486B-49DE-817C-DE1841715040}.Release|Any CPU.Build.0 = Release|Any CPU
	EndGlobalSection
	GlobalSection(SolutionProperties) = preSolution
		HideSolutionNode = FALSE
	EndGlobalSection
	GlobalSection(ExtensibilityGlobals) = postSolution
		SolutionGuid = {D1B8E3BF-DEB9-48FD-B436-64EB2B71BFD4}
	EndGlobalSection
EndGlobal
